
Microsoft Visual Studio Solution File, Format Version 12.00
# Visual Studio Version 17
VisualStudioVersion = 17.9.34728.123
MinimumVisualStudioVersion = 10.0.40219.1
Project("{FAE04EC0-301F-11D3-BF4B-00C04F79EFBC}") = "PackageExpressCalculator", "PackageExpressCalculator\PackageExpressCalculator.csproj", "{9DBD8E15-1225-4F5B-ADEA-E0ABE3728523}"
EndProject
Global
	GlobalSection(SolutionConfigurationPlatforms) = preSolution
		Debug|Any CPU = Debug|Any CPU
		Release|Any CPU = Release|Any CPU
	EndGlobalSection
	GlobalSection(ProjectConfigurationPlatforms) = postSolution
		{9DBD8E15-1225-4F5B-ADEA-E0ABE3728523}.Debug|Any CPU.ActiveCfg = Debug|Any CPU
		{9DBD8E15-1225-4F5B-ADEA-E0ABE3728523}.Debug|Any CPU.Build.0 = Debug|Any CPU
		{9DBD8E15-1225-4F5B-ADEA-E0ABE3728523}.Release|Any CPU.ActiveCfg = Release|Any CPU
		{9DBD8E15-1225-4F5B-ADEA-E0ABE3728523}.Release|Any CPU.Build.0 = Release|Any CPU
	EndGlobalSection
	GlobalSection(SolutionProperties) = preSolution
		HideSolutionNode = FALSE
	EndGlobalSection
	GlobalSection(ExtensibilityGlobals) = postSolution
		SolutionGuid = {FB763045-F3E1-459C-9517-06752EA1C5BD}
	EndGlobalSection
EndGlobal
